uuid: 2d390c56-68f1-4ed2-8d07-b9ce3673414f
langcode: en
status: true
dependencies:
  module:
    - block_field
    - paragraphs
id: paragraph.field_section_block
field_name: field_section_block
entity_type: paragraph
type: block_field
settings: {  }
module: block_field
locked: false
cardinality: 1
translatable: true
indexes: {  }
persist_with_no_fields: false
custom_storage: false
