uuid: a064461a-8a47-4f64-a30c-4d74753bf6b4
langcode: en
status: true
dependencies:
  module:
    - ipu_map
  theme:
    - ipu
id: ipucontentblock
theme: ipu
region: ultimenu_mega_f9944c01
weight: -15
provider: null
plugin: ipu_node_block
settings:
  id: ipu_node_block
  label: 'IPU content block'
  provider: ipu_map
  label_display: '0'
  current: 0
  nid: '235'
  link_text: More
  view_mode: highlight
visibility: {  }
