uuid: 2b4a6aaa-9455-42d3-ad3f-d98396f7a469
langcode: en
status: true
dependencies:
  module:
    - ipu_map
  theme:
    - bootstrap_barrio
id: bootstrap_barrio_ipucontentblock
theme: bootstrap_barrio
region: top_header
weight: -15
provider: null
plugin: ipu_node_block
settings:
  id: ipu_node_block
  label: 'IPU content block'
  provider: ipu_map
  label_display: '0'
  current: 0
  nid: '235'
  link_text: More
  view_mode: highlight
visibility: {  }
