uuid: 7202dfee-6e42-4c87-9c79-b5f3e00b0802
langcode: en
status: true
dependencies:
  module:
    - ipu_map
  theme:
    - ipu
id: parliamentselectblock
theme: ipu
region: ultimenu_mega_76d8ed14
weight: -15
provider: null
plugin: ipu_country_select_block
settings:
  id: ipu_country_select_block
  label: 'Find a national parliament'
  provider: ipu_map
  label_display: visible
visibility: {  }
