uuid: c337bc82-0c84-4236-84eb-0b788186aeae
langcode: en
status: true
dependencies:
  module:
    - ipu_layouts
  theme:
    - ipu
id: ipubreadcrumbblock
theme: ipu
region: content
weight: -18
provider: null
plugin: ipu_breadcrumb_block
settings:
  id: ipu_breadcrumb_block
  label: 'IPU Breadcrumb block'
  provider: ipu_layouts
  label_display: '0'
visibility: {  }
