uuid: 651499d9-b3d6-4842-a239-66a7f565aabe
langcode: en
status: true
dependencies:
  module:
    - block_field
    - node
id: node.field_contribute_block
field_name: field_contribute_block
entity_type: node
type: block_field
settings: {  }
module: block_field
locked: false
cardinality: 1
translatable: true
indexes: {  }
persist_with_no_fields: false
custom_storage: false
