uuid: f447169c-6910-4222-8f3a-5f93b8b7a58d
langcode: en
status: true
dependencies:
  config:
    - field.storage.paragraph.field_section_block
    - paragraphs.paragraphs_type.sections
  module:
    - block_field
    - custom_add_another
third_party_settings:
  custom_add_another:
    custom_add_another: ''
    custom_remove: ''
id: paragraph.sections.field_section_block
field_name: field_section_block
entity_type: paragraph
bundle: sections
label: Block
description: ''
required: false
translatable: true
default_value: {  }
default_value_callback: ''
settings:
  selection: blocks
  selection_settings: {  }
field_type: block_field
